
Microsoft Visual Studio Solution File, Format Version 12.00
# Visual Studio Version 17
VisualStudioVersion = 17.10.35013.160
MinimumVisualStudioVersion = 10.0.40219.1
Project("{9A19103F-16F7-4668-BE54-9A1E7A4F7556}") = "PhoneBookWithFile", "PhoneBookWithFile\PhoneBookWithFile.csproj", "{0FBE00D6-F6CA-427B-A2FE-F10DE98BA9BA}"
EndProject
Project("{FAE04EC0-301F-11D3-BF4B-00C04F79EFBC}") = "LearnController", "D:\Darslar\Projects\LearnController\LearnController.csproj", "{C16874B6-D0C5-489C-AD90-F0AB1890630D}"
EndProject
Global
	GlobalSection(SolutionConfigurationPlatforms) = preSolution
		Debug|Any CPU = Debug|Any CPU
		Release|Any CPU = Release|Any CPU
	EndGlobalSection
	GlobalSection(ProjectConfigurationPlatforms) = postSolution
		{0FBE00D6-F6CA-427B-A2FE-F10DE98BA9BA}.Debug|Any CPU.ActiveCfg = Debug|Any CPU
		{0FBE00D6-F6CA-427B-A2FE-F10DE98BA9BA}.Debug|Any CPU.Build.0 = Debug|Any CPU
		{0FBE00D6-F6CA-427B-A2FE-F10DE98BA9BA}.Release|Any CPU.ActiveCfg = Release|Any CPU
		{0FBE00D6-F6CA-427B-A2FE-F10DE98BA9BA}.Release|Any CPU.Build.0 = Release|Any CPU
		{C16874B6-D0C5-489C-AD90-F0AB1890630D}.Debug|Any CPU.ActiveCfg = Debug|Any CPU
		{C16874B6-D0C5-489C-AD90-F0AB1890630D}.Debug|Any CPU.Build.0 = Debug|Any CPU
		{C16874B6-D0C5-489C-AD90-F0AB1890630D}.Release|Any CPU.ActiveCfg = Release|Any CPU
		{C16874B6-D0C5-489C-AD90-F0AB1890630D}.Release|Any CPU.Build.0 = Release|Any CPU
	EndGlobalSection
	GlobalSection(SolutionProperties) = preSolution
		HideSolutionNode = FALSE
	EndGlobalSection
	GlobalSection(ExtensibilityGlobals) = postSolution
		SolutionGuid = {40929C54-D09A-4C42-B6ED-B3C5349B3397}
	EndGlobalSection
EndGlobal
